
Microsoft Visual Studio Solution File, Format Version 12.00
# Visual Studio Version 17
VisualStudioVersion = 17.12.35527.113 d17.12
MinimumVisualStudioVersion = 10.0.40219.1
Project("{2150E333-8FDC-42A3-9474-1A3956D46DE8}") = "Solution Items", "Solution Items", "{89BA2E57-E653-4DB1-A8F9-479DD6F7DA22}"
	ProjectSection(SolutionItems) = preProject
		global.json = global.json
	EndProjectSection
EndProject
Project("{FAE04EC0-301F-11D3-BF4B-00C04F79EFBC}") = "SL-AIPrompt", "SL-AIPrompt.csproj", "{742E946F-C3EE-489E-8287-CECD9207034C}"
EndProject
Global
	GlobalSection(SolutionConfigurationPlatforms) = preSolution
		Debug|Any CPU = Debug|Any CPU
		Release|Any CPU = Release|Any CPU
	EndGlobalSection
	GlobalSection(ProjectConfigurationPlatforms) = postSolution
		{742E946F-C3EE-489E-8287-CECD9207034C}.Debug|Any CPU.ActiveCfg = Debug|Any CPU
		{742E946F-C3EE-489E-8287-CECD9207034C}.Debug|Any CPU.Build.0 = Debug|Any CPU
		{742E946F-C3EE-489E-8287-CECD9207034C}.Release|Any CPU.ActiveCfg = Release|Any CPU
		{742E946F-C3EE-489E-8287-CECD9207034C}.Release|Any CPU.Build.0 = Release|Any CPU
	EndGlobalSection
	GlobalSection(SolutionProperties) = preSolution
		HideSolutionNode = FALSE
	EndGlobalSection
EndGlobal
